// !$*UTF8*$!
{
	archiveVersion = 1;
	classes = {
	};
	objectVersion = 46;
	objects = {

/* Begin PBXBuildFile section */
		A3092B808468169DC6EBF1E9 /* libPods-unziplzfse.a in Frameworks */ = {isa = PBXBuildFile; fileRef = DEB73ED4F312E39A16B03725 /* libPods-unziplzfse.a */; };
		C622BE4B1E45F0DE000C8970 /* liblzfse.a in Frameworks */ = {isa = PBXBuildFile; fileRef = C622BE461E45F026000C8970 /* liblzfse.a */; };
		C6E362EE1E45C21700B0D681 /* main.m in Sources */ = {isa = PBXBuildFile; fileRef = C6E362ED1E45C21700B0D681 /* main.m */; };
/* End PBXBuildFile section */

/* Begin PBXContainerItemProxy section */
		C622BE451E45F026000C8970 /* PBXContainerItemProxy */ = {
			isa = PBXContainerItemProxy;
			containerPortal = C622BE3F1E45F026000C8970 /* lzfse.xcodeproj */;
			proxyType = 2;
			remoteGlobalIDString = 0B57822C1B8BC12F002F950F;
			remoteInfo = "lzfse lib";
		};
		C622BE471E45F026000C8970 /* PBXContainerItemProxy */ = {
			isa = PBXContainerItemProxy;
			containerPortal = C622BE3F1E45F026000C8970 /* lzfse.xcodeproj */;
			proxyType = 2;
			remoteGlobalIDString = 0B1AF7D21B8D0EBF005BF60D;
			remoteInfo = "lzfse command";
		};
		C622BE491E45F031000C8970 /* PBXContainerItemProxy */ = {
			isa = PBXContainerItemProxy;
			containerPortal = C622BE3F1E45F026000C8970 /* lzfse.xcodeproj */;
			proxyType = 1;
			remoteGlobalIDString = 0B57822B1B8BC12F002F950F;
			remoteInfo = "lzfse lib";
		};
/* End PBXContainerItemProxy section */

/* Begin PBXCopyFilesBuildPhase section */
		C6E362E81E45C21700B0D681 /* CopyFiles */ = {
			isa = PBXCopyFilesBuildPhase;
			buildActionMask = 2147483647;
			dstPath = /usr/share/man/man1/;
			dstSubfolderSpec = 0;
			files = (
			);
			runOnlyForDeploymentPostprocessing = 1;
		};
/* End PBXCopyFilesBuildPhase section */

/* Begin PBXFileReference section */
		716B2BBA6C9FE25D00887E4B /* Pods-unziplzfse.debug.xcconfig */ = {isa = PBXFileReference; includeInIndex = 1; lastKnownFileType = text.xcconfig; name = "Pods-unziplzfse.debug.xcconfig"; path = "Pods/Target Support Files/Pods-unziplzfse/Pods-unziplzfse.debug.xcconfig"; sourceTree = "<group>"; };
		7FF0F78881DDD3550EB5E960 /* Pods-unziplzfse.release.xcconfig */ = {isa = PBXFileReference; includeInIndex = 1; lastKnownFileType = text.xcconfig; name = "Pods-unziplzfse.release.xcconfig"; path = "Pods/Target Support Files/Pods-unziplzfse/Pods-unziplzfse.release.xcconfig"; sourceTree = "<group>"; };
		C622BE3D1E45EF66000C8970 /* liblzfse.a */ = {isa = PBXFileReference; lastKnownFileType = archive.ar; name = liblzfse.a; path = lzfse/build/Debug/liblzfse.a; sourceTree = "<group>"; };
		C622BE3F1E45F026000C8970 /* lzfse.xcodeproj */ = {isa = PBXFileReference; lastKnownFileType = "wrapper.pb-project"; name = lzfse.xcodeproj; path = lzfse/lzfse.xcodeproj; sourceTree = "<group>"; };
		C6E362EA1E45C21700B0D681 /* unziplzfse */ = {isa = PBXFileReference; explicitFileType = "compiled.mach-o.executable"; includeInIndex = 0; path = unziplzfse; sourceTree = BUILT_PRODUCTS_DIR; };
		C6E362ED1E45C21700B0D681 /* main.m */ = {isa = PBXFileReference; lastKnownFileType = sourcecode.c.objc; path = main.m; sourceTree = "<group>"; };
		DEB73ED4F312E39A16B03725 /* libPods-unziplzfse.a */ = {isa = PBXFileReference; explicitFileType = archive.ar; includeInIndex = 0; path = "libPods-unziplzfse.a"; sourceTree = BUILT_PRODUCTS_DIR; };
/* End PBXFileReference section */

/* Begin PBXFrameworksBuildPhase section */
		C6E362E71E45C21700B0D681 /* Frameworks */ = {
			isa = PBXFrameworksBuildPhase;
			buildActionMask = 2147483647;
			files = (
				C622BE4B1E45F0DE000C8970 /* liblzfse.a in Frameworks */,
				A3092B808468169DC6EBF1E9 /* libPods-unziplzfse.a in Frameworks */,
			);
			runOnlyForDeploymentPostprocessing = 0;
		};
/* End PBXFrameworksBuildPhase section */

/* Begin PBXGroup section */
		1928CDB39B74413E98BAA603 /* Pods */ = {
			isa = PBXGroup;
			children = (
				716B2BBA6C9FE25D00887E4B /* Pods-unziplzfse.debug.xcconfig */,
				7FF0F78881DDD3550EB5E960 /* Pods-unziplzfse.release.xcconfig */,
			);
			name = Pods;
			sourceTree = "<group>";
		};
		8556FC8CB5694B0CD039FD4E /* Frameworks */ = {
			isa = PBXGroup;
			children = (
				C622BE3D1E45EF66000C8970 /* liblzfse.a */,
				DEB73ED4F312E39A16B03725 /* libPods-unziplzfse.a */,
			);
			name = Frameworks;
			sourceTree = "<group>";
		};
		C622BE401E45F026000C8970 /* Products */ = {
			isa = PBXGroup;
			children = (
				C622BE461E45F026000C8970 /* liblzfse.a */,
				C622BE481E45F026000C8970 /* lzfse */,
			);
			name = Products;
			sourceTree = "<group>";
		};
		C6E362E11E45C21700B0D681 = {
			isa = PBXGroup;
			children = (
				C622BE3F1E45F026000C8970 /* lzfse.xcodeproj */,
				C6E362EC1E45C21700B0D681 /* unziplzfse */,
				C6E362EB1E45C21700B0D681 /* Products */,
				1928CDB39B74413E98BAA603 /* Pods */,
				8556FC8CB5694B0CD039FD4E /* Frameworks */,
			);
			sourceTree = "<group>";
		};
		C6E362EB1E45C21700B0D681 /* Products */ = {
			isa = PBXGroup;
			children = (
				C6E362EA1E45C21700B0D681 /* unziplzfse */,
			);
			name = Products;
			sourceTree = "<group>";
		};
		C6E362EC1E45C21700B0D681 /* unziplzfse */ = {
			isa = PBXGroup;
			children = (
				C6E362ED1E45C21700B0D681 /* main.m */,
			);
			path = unziplzfse;
			sourceTree = "<group>";
		};
/* End PBXGroup section */

/* Begin PBXNativeTarget section */
		C6E362E91E45C21700B0D681 /* unziplzfse */ = {
			isa = PBXNativeTarget;
			buildConfigurationList = C6E362F11E45C21700B0D681 /* Build configuration list for PBXNativeTarget "unziplzfse" */;
			buildPhases = (
				9B44C08337C4CDA653315D78 /* [CP] Check Pods Manifest.lock */,
				C6E362E61E45C21700B0D681 /* Sources */,
				C6E362E71E45C21700B0D681 /* Frameworks */,
				C6E362E81E45C21700B0D681 /* CopyFiles */,
				064E2D61BBED1BB33CF79267 /* [CP] Copy Pods Resources */,
			);
			buildRules = (
			);
			dependencies = (
				C622BE4A1E45F031000C8970 /* PBXTargetDependency */,
			);
			name = unziplzfse;
			productName = unziplzfse;
			productReference = C6E362EA1E45C21700B0D681 /* unziplzfse */;
			productType = "com.apple.product-type.tool";
		};
/* End PBXNativeTarget section */

/* Begin PBXProject section */
		C6E362E21E45C21700B0D681 /* Project object */ = {
			isa = PBXProject;
			attributes = {
				LastUpgradeCheck = 0820;
				ORGANIZATIONNAME = fake;
				TargetAttributes = {
					C6E362E91E45C21700B0D681 = {
						CreatedOnToolsVersion = 8.2.1;
						ProvisioningStyle = Automatic;
					};
				};
			};
			buildConfigurationList = C6E362E51E45C21700B0D681 /* Build configuration list for PBXProject "unziplzfse" */;
			compatibilityVersion = "Xcode 3.2";
			developmentRegion = English;
			hasScannedForEncodings = 0;
			knownRegions = (
				en,
			);
			mainGroup = C6E362E11E45C21700B0D681;
			productRefGroup = C6E362EB1E45C21700B0D681 /* Products */;
			projectDirPath = "";
			projectReferences = (
				{
					ProductGroup = C622BE401E45F026000C8970 /* Products */;
					ProjectRef = C622BE3F1E45F026000C8970 /* lzfse.xcodeproj */;
				},
			);
			projectRoot = "";
			targets = (
				C6E362E91E45C21700B0D681 /* unziplzfse */,
			);
		};
/* End PBXProject section */

/* Begin PBXReferenceProxy section */
		C622BE461E45F026000C8970 /* liblzfse.a */ = {
			isa = PBXReferenceProxy;
			fileType = archive.ar;
			path = liblzfse.a;
			remoteRef = C622BE451E45F026000C8970 /* PBXContainerItemProxy */;
			sourceTree = BUILT_PRODUCTS_DIR;
		};
		C622BE481E45F026000C8970 /* lzfse */ = {
			isa = PBXReferenceProxy;
			fileType = "compiled.mach-o.executable";
			path = lzfse;
			remoteRef = C622BE471E45F026000C8970 /* PBXContainerItemProxy */;
			sourceTree = BUILT_PRODUCTS_DIR;
		};
/* End PBXReferenceProxy section */

/* Begin PBXShellScriptBuildPhase section */
		064E2D61BBED1BB33CF79267 /* [CP] Copy Pods Resources */ = {
			isa = PBXShellScriptBuildPhase;
			buildActionMask = 2147483647;
			files = (
			);
			inputPaths = (
			);
			name = "[CP] Copy Pods Resources";
			outputPaths = (
			);
			runOnlyForDeploymentPostprocessing = 0;
			shellPath = /bin/sh;
			shellScript = "\"${SRCROOT}/Pods/Target Support Files/Pods-unziplzfse/Pods-unziplzfse-resources.sh\"\n";
			showEnvVarsInLog = 0;
		};
		9B44C08337C4CDA653315D78 /* [CP] Check Pods Manifest.lock */ = {
			isa = PBXShellScriptBuildPhase;
			buildActionMask = 2147483647;
			files = (
			);
			inputPaths = (
			);
			name = "[CP] Check Pods Manifest.lock";
			outputPaths = (
			);
			runOnlyForDeploymentPostprocessing = 0;
			shellPath = /bin/sh;
			shellScript = "diff \"${PODS_ROOT}/../Podfile.lock\" \"${PODS_ROOT}/Manifest.lock\" > /dev/null\nif [ $? != 0 ] ; then\n    # print error to STDERR\n    echo \"error: The sandbox is not in sync with the Podfile.lock. Run 'pod install' or update your CocoaPods installation.\" >&2\n    exit 1\nfi\n";
			showEnvVarsInLog = 0;
		};
/* End PBXShellScriptBuildPhase section */

/* Begin PBXSourcesBuildPhase section */
		C6E362E61E45C21700B0D681 /* Sources */ = {
			isa = PBXSourcesBuildPhase;
			buildActionMask = 2147483647;
			files = (
				C6E362EE1E45C21700B0D681 /* main.m in Sources */,
			);
			runOnlyForDeploymentPostprocessing = 0;
		};
/* End PBXSourcesBuildPhase section */

/* Begin PBXTargetDependency section */
		C622BE4A1E45F031000C8970 /* PBXTargetDependency */ = {
			isa = PBXTargetDependency;
			name = "lzfse lib";
			targetProxy = C622BE491E45F031000C8970 /* PBXContainerItemProxy */;
		};
/* End PBXTargetDependency section */

/* Begin XCBuildConfiguration section */
		C6E362EF1E45C21700B0D681 /* Debug */ = {
			isa = XCBuildConfiguration;
			buildSettings = {
				ALWAYS_SEARCH_USER_PATHS = NO;
				CLANG_ANALYZER_NONNULL = YES;
				CLANG_CXX_LANGUAGE_STANDARD = "gnu++0x";
				CLANG_CXX_LIBRARY = "libc++";
				CLANG_ENABLE_MODULES = YES;
				CLANG_ENABLE_OBJC_ARC = YES;
				CLANG_WARN_BOOL_CONVERSION = YES;
				CLANG_WARN_CONSTANT_CONVERSION = YES;
				CLANG_WARN_DIRECT_OBJC_ISA_USAGE = YES_ERROR;
				CLANG_WARN_DOCUMENTATION_COMMENTS = YES;
				CLANG_WARN_EMPTY_BODY = YES;
				CLANG_WARN_ENUM_CONVERSION = YES;
				CLANG_WARN_INFINITE_RECURSION = YES;
				CLANG_WARN_INT_CONVERSION = YES;
				CLANG_WARN_OBJC_ROOT_CLASS = YES_ERROR;
				CLANG_WARN_SUSPICIOUS_MOVE = YES;
				CLANG_WARN_UNREACHABLE_CODE = YES;
				CLANG_WARN__DUPLICATE_METHOD_MATCH = YES;
				CODE_SIGN_IDENTITY = "-";
				COPY_PHASE_STRIP = NO;
				DEBUG_INFORMATION_FORMAT = dwarf;
				ENABLE_STRICT_OBJC_MSGSEND = YES;
				ENABLE_TESTABILITY = YES;
				GCC_C_LANGUAGE_STANDARD = gnu99;
				GCC_DYNAMIC_NO_PIC = NO;
				GCC_NO_COMMON_BLOCKS = YES;
				GCC_OPTIMIZATION_LEVEL = 0;
				GCC_PREPROCESSOR_DEFINITIONS = (
					"DEBUG=1",
					"$(inherited)",
				);
				GCC_WARN_64_TO_32_BIT_CONVERSION = YES;
				GCC_WARN_ABOUT_RETURN_TYPE = YES_ERROR;
				GCC_WARN_UNDECLARED_SELECTOR = YES;
				GCC_WARN_UNINITIALIZED_AUTOS = YES_AGGRESSIVE;
				GCC_WARN_UNUSED_FUNCTION = YES;
				GCC_WARN_UNUSED_VARIABLE = YES;
				MACOSX_DEPLOYMENT_TARGET = 10.12;
				MTL_ENABLE_DEBUG_INFO = YES;
				ONLY_ACTIVE_ARCH = YES;
				SDKROOT = macosx;
			};
			name = Debug;
		};
		C6E362F01E45C21700B0D681 /* Release */ = {
			isa = XCBuildConfiguration;
			buildSettings = {
				ALWAYS_SEARCH_USER_PATHS = NO;
				CLANG_ANALYZER_NONNULL = YES;
				CLANG_CXX_LANGUAGE_STANDARD = "gnu++0x";
				CLANG_CXX_LIBRARY = "libc++";
				CLANG_ENABLE_MODULES = YES;
				CLANG_ENABLE_OBJC_ARC = YES;
				CLANG_WARN_BOOL_CONVERSION = YES;
				CLANG_WARN_CONSTANT_CONVERSION = YES;
				CLANG_WARN_DIRECT_OBJC_ISA_USAGE = YES_ERROR;
				CLANG_WARN_DOCUMENTATION_COMMENTS = YES;
				CLANG_WARN_EMPTY_BODY = YES;
				CLANG_WARN_ENUM_CONVERSION = YES;
				CLANG_WARN_INFINITE_RECURSION = YES;
				CLANG_WARN_INT_CONVERSION = YES;
				CLANG_WARN_OBJC_ROOT_CLASS = YES_ERROR;
				CLANG_WARN_SUSPICIOUS_MOVE = YES;
				CLANG_WARN_UNREACHABLE_CODE = YES;
				CLANG_WARN__DUPLICATE_METHOD_MATCH = YES;
				CODE_SIGN_IDENTITY = "-";
				COPY_PHASE_STRIP = NO;
				DEBUG_INFORMATION_FORMAT = "dwarf-with-dsym";
				ENABLE_NS_ASSERTIONS = NO;
				ENABLE_STRICT_OBJC_MSGSEND = YES;
				GCC_C_LANGUAGE_STANDARD = gnu99;
				GCC_NO_COMMON_BLOCKS = YES;
				GCC_WARN_64_TO_32_BIT_CONVERSION = YES;
				GCC_WARN_ABOUT_RETURN_TYPE = YES_ERROR;
				GCC_WARN_UNDECLARED_SELECTOR = YES;
				GCC_WARN_UNINITIALIZED_AUTOS = YES_AGGRESSIVE;
				GCC_WARN_UNUSED_FUNCTION = YES;
				GCC_WARN_UNUSED_VARIABLE = YES;
				MACOSX_DEPLOYMENT_TARGET = 10.12;
				MTL_ENABLE_DEBUG_INFO = NO;
				SDKROOT = macosx;
			};
			name = Release;
		};
		C6E362F21E45C21700B0D681 /* Debug */ = {
			isa = XCBuildConfiguration;
			baseConfigurationReference = 716B2BBA6C9FE25D00887E4B /* Pods-unziplzfse.debug.xcconfig */;
			buildSettings = {
				LIBRARY_SEARCH_PATHS = (
					"$(inherited)",
					"$(PROJECT_DIR)/lzfse/build/Debug",
				);
				PRODUCT_NAME = "$(TARGET_NAME)";
			};
			name = Debug;
		};
		C6E362F31E45C21700B0D681 /* Release */ = {
			isa = XCBuildConfiguration;
			baseConfigurationReference = 7FF0F78881DDD3550EB5E960 /* Pods-unziplzfse.release.xcconfig */;
			buildSettings = {
				LIBRARY_SEARCH_PATHS = (
					"$(inherited)",
					"$(PROJECT_DIR)/lzfse/build/Debug",
				);
				PRODUCT_NAME = "$(TARGET_NAME)";
			};
			name = Release;
		};
/* End XCBuildConfiguration section */

/* Begin XCConfigurationList section */
		C6E362E51E45C21700B0D681 /* Build configuration list for PBXProject "unziplzfse" */ = {
			isa = XCConfigurationList;
			buildConfigurations = (
				C6E362EF1E45C21700B0D681 /* Debug */,
				C6E362F01E45C21700B0D681 /* Release */,
			);
			defaultConfigurationIsVisible = 0;
			defaultConfigurationName = Release;
		};
		C6E362F11E45C21700B0D681 /* Build configuration list for PBXNativeTarget "unziplzfse" */ = {
			isa = XCConfigurationList;
			buildConfigurations = (
				C6E362F21E45C21700B0D681 /* Debug */,
				C6E362F31E45C21700B0D681 /* Release */,
			);
			defaultConfigurationIsVisible = 0;
			defaultConfigurationName = Release;
		};
/* End XCConfigurationList section */
	};
	rootObject = C6E362E21E45C21700B0D681 /* Project object */;
}
